// !$*UTF8*$!
{
	archiveVersion = 1;
	classes = {
	};
	objectVersion = 50;
	objects = {

/* Begin PBXBuildFile section */
		800E302A25018F5400C2D116 /* AppDelegate.swift in Sources */ = {isa = PBXBuildFile; fileRef = 800E302925018F5400C2D116 /* AppDelegate.swift */; };
		800E302C25018F5400C2D116 /* SceneDelegate.swift in Sources */ = {isa = PBXBuildFile; fileRef = 800E302B25018F5400C2D116 /* SceneDelegate.swift */; };
		800E302E25018F5400C2D116 /* ViewController.swift in Sources */ = {isa = PBXBuildFile; fileRef = 800E302D25018F5400C2D116 /* ViewController.swift */; };
		800E303125018F5400C2D116 /* Main.storyboard in Resources */ = {isa = PBXBuildFile; fileRef = 800E302F25018F5400C2D116 /* Main.storyboard */; };
		800E303325018F5600C2D116 /* Assets.xcassets in Resources */ = {isa = PBXBuildFile; fileRef = 800E303225018F5600C2D116 /* Assets.xcassets */; };
		800E303625018F5600C2D116 /* LaunchScreen.storyboard in Resources */ = {isa = PBXBuildFile; fileRef = 800E303425018F5600C2D116 /* LaunchScreen.storyboard */; };
/* End PBXBuildFile section */

/* Begin PBXFileReference section */
		800E302625018F5400C2D116 /* FoodButton-Anica-Guzman.app */ = {isa = PBXFileReference; explicitFileType = wrapper.application; includeInIndex = 0; path = "FoodButton-Anica-Guzman.app"; sourceTree = BUILT_PRODUCTS_DIR; };
		800E302925018F5400C2D116 /* AppDelegate.swift */ = {isa = PBXFileReference; lastKnownFileType = sourcecode.swift; path = AppDelegate.swift; sourceTree = "<group>"; };
		800E302B25018F5400C2D116 /* SceneDelegate.swift */ = {isa = PBXFileReference; lastKnownFileType = sourcecode.swift; path = SceneDelegate.swift; sourceTree = "<group>"; };
		800E302D25018F5400C2D116 /* ViewController.swift */ = {isa = PBXFileReference; lastKnownFileType = sourcecode.swift; path = ViewController.swift; sourceTree = "<group>"; };
		800E303025018F5400C2D116 /* Base */ = {isa = PBXFileReference; lastKnownFileType = file.storyboard; name = Base; path = Base.lproj/Main.storyboard; sourceTree = "<group>"; };
		800E303225018F5600C2D116 /* Assets.xcassets */ = {isa = PBXFileReference; lastKnownFileType = folder.assetcatalog; path = Assets.xcassets; sourceTree = "<group>"; };
		800E303525018F5600C2D116 /* Base */ = {isa = PBXFileReference; lastKnownFileType = file.storyboard; name = Base; path = Base.lproj/LaunchScreen.storyboard; sourceTree = "<group>"; };
		800E303725018F5600C2D116 /* Info.plist */ = {isa = PBXFileReference; lastKnownFileType = text.plist.xml; path = Info.plist; sourceTree = "<group>"; };
/* End PBXFileReference section */

/* Begin PBXFrameworksBuildPhase section */
		800E302325018F5400C2D116 /* Frameworks */ = {
			isa = PBXFrameworksBuildPhase;
			buildActionMask = 2147483647;
			files = (
			);
			runOnlyForDeploymentPostprocessing = 0;
		};
/* End PBXFrameworksBuildPhase section */

/* Begin PBXGroup section */
		800E301D25018F5400C2D116 = {
			isa = PBXGroup;
			children = (
				800E302825018F5400C2D116 /* FoodButton-Anica-Guzman */,
				800E302725018F5400C2D116 /* Products */,
			);
			sourceTree = "<group>";
		};
		800E302725018F5400C2D116 /* Products */ = {
			isa = PBXGroup;
			children = (
				800E302625018F5400C2D116 /* FoodButton-Anica-Guzman.app */,
			);
			name = Products;
			sourceTree = "<group>";
		};
		800E302825018F5400C2D116 /* FoodButton-Anica-Guzman */ = {
			isa = PBXGroup;
			children = (
				800E302925018F5400C2D116 /* AppDelegate.swift */,
				800E302B25018F5400C2D116 /* SceneDelegate.swift */,
				800E302D25018F5400C2D116 /* ViewController.swift */,
				800E302F25018F5400C2D116 /* Main.storyboard */,
				800E303225018F5600C2D116 /* Assets.xcassets */,
				800E303425018F5600C2D116 /* LaunchScreen.storyboard */,
				800E303725018F5600C2D116 /* Info.plist */,
			);
			path = "FoodButton-Anica-Guzman";
			sourceTree = "<group>";
		};
/* End PBXGroup section */

/* Begin PBXNativeTarget section */
		800E302525018F5400C2D116 /* FoodButton-Anica-Guzman */ = {
			isa = PBXNativeTarget;
			buildConfigurationList = 800E303A25018F5600C2D116 /* Build configuration list for PBXNativeTarget "FoodButton-Anica-Guzman" */;
			buildPhases = (
				800E302225018F5400C2D116 /* Sources */,
				800E302325018F5400C2D116 /* Frameworks */,
				800E302425018F5400C2D116 /* Resources */,
			);
			buildRules = (
			);
			dependencies = (
			);
			name = "FoodButton-Anica-Guzman";
			productName = "FoodButton-Anica-Guzman";
			productReference = 800E302625018F5400C2D116 /* FoodButton-Anica-Guzman.app */;
			productType = "com.apple.product-type.application";
		};
/* End PBXNativeTarget section */

/* Begin PBXProject section */
		800E301E25018F5400C2D116 /* Project object */ = {
			isa = PBXProject;
			attributes = {
				LastSwiftUpdateCheck = 1160;
				LastUpgradeCheck = 1160;
				ORGANIZATIONNAME = SFSU;
				TargetAttributes = {
					800E302525018F5400C2D116 = {
						CreatedOnToolsVersion = 11.6;
					};
				};
			};
			buildConfigurationList = 800E302125018F5400C2D116 /* Build configuration list for PBXProject "FoodButton-Anica-Guzman" */;
			compatibilityVersion = "Xcode 9.3";
			developmentRegion = en;
			hasScannedForEncodings = 0;
			knownRegions = (
				en,
				Base,
			);
			mainGroup = 800E301D25018F5400C2D116;
			productRefGroup = 800E302725018F5400C2D116 /* Products */;
			projectDirPath = "";
			projectRoot = "";
			targets = (
				800E302525018F5400C2D116 /* FoodButton-Anica-Guzman */,
			);
		};
/* End PBXProject section */

/* Begin PBXResourcesBuildPhase section */
		800E302425018F5400C2D116 /* Resources */ = {
			isa = PBXResourcesBuildPhase;
			buildActionMask = 2147483647;
			files = (
				800E303625018F5600C2D116 /* LaunchScreen.storyboard in Resources */,
				800E303325018F5600C2D116 /* Assets.xcassets in Resources */,
				800E303125018F5400C2D116 /* Main.storyboard in Resources */,
			);
			runOnlyForDeploymentPostprocessing = 0;
		};
/* End PBXResourcesBuildPhase section */

/* Begin PBXSourcesBuildPhase section */
		800E302225018F5400C2D116 /* Sources */ = {
			isa = PBXSourcesBuildPhase;
			buildActionMask = 2147483647;
			files = (
				800E302E25018F5400C2D116 /* ViewController.swift in Sources */,
				800E302A25018F5400C2D116 /* AppDelegate.swift in Sources */,
				800E302C25018F5400C2D116 /* SceneDelegate.swift in Sources */,
			);
			runOnlyForDeploymentPostprocessing = 0;
		};
/* End PBXSourcesBuildPhase section */

/* Begin PBXVariantGroup section */
		800E302F25018F5400C2D116 /* Main.storyboard */ = {
			isa = PBXVariantGroup;
			children = (
				800E303025018F5400C2D116 /* Base */,
			);
			name = Main.storyboard;
			sourceTree = "<group>";
		};
		800E303425018F5600C2D116 /* LaunchScreen.storyboard */ = {
			isa = PBXVariantGroup;
			children = (
				800E303525018F5600C2D116 /* Base */,
			);
			name = LaunchScreen.storyboard;
			sourceTree = "<group>";
		};
/* End PBXVariantGroup section */

/* Begin XCBuildConfiguration section */
		800E303825018F5600C2D116 /* Debug */ = {
			isa = XCBuildConfiguration;
			buildSettings = {
				ALWAYS_SEARCH_USER_PATHS = NO;
				CLANG_ANALYZER_NONNULL = YES;
				CLANG_ANALYZER_NUMBER_OBJECT_CONVERSION = YES_AGGRESSIVE;
				CLANG_CXX_LANGUAGE_STANDARD = "gnu++14";
				CLANG_CXX_LIBRARY = "libc++";
				CLANG_ENABLE_MODULES = YES;
				CLANG_ENABLE_OBJC_ARC = YES;
				CLANG_ENABLE_OBJC_WEAK = YES;
				CLANG_WARN_BLOCK_CAPTURE_AUTORELEASING = YES;
				CLANG_WARN_BOOL_CONVERSION = YES;
				CLANG_WARN_COMMA = YES;
				CLANG_WARN_CONSTANT_CONVERSION = YES;
				CLANG_WARN_DEPRECATED_OBJC_IMPLEMENTATIONS = YES;
				CLANG_WARN_DIRECT_OBJC_ISA_USAGE = YES_ERROR;
				CLANG_WARN_DOCUMENTATION_COMMENTS = YES;
				CLANG_WARN_EMPTY_BODY = YES;
				CLANG_WARN_ENUM_CONVERSION = YES;
				CLANG_WARN_INFINITE_RECURSION = YES;
				CLANG_WARN_INT_CONVERSION = YES;
				CLANG_WARN_NON_LITERAL_NULL_CONVERSION = YES;
				CLANG_WARN_OBJC_IMPLICIT_RETAIN_SELF = YES;
				CLANG_WARN_OBJC_LITERAL_CONVERSION = YES;
				CLANG_WARN_OBJC_ROOT_CLASS = YES_ERROR;
				CLANG_WARN_RANGE_LOOP_ANALYSIS = YES;
				CLANG_WARN_STRICT_PROTOTYPES = YES;
				CLANG_WARN_SUSPICIOUS_MOVE = YES;
				CLANG_WARN_UNGUARDED_AVAILABILITY = YES_AGGRESSIVE;
				CLANG_WARN_UNREACHABLE_CODE = YES;
				CLANG_WARN__DUPLICATE_METHOD_MATCH = YES;
				COPY_PHASE_STRIP = NO;
				DEBUG_INFORMATION_FORMAT = dwarf;
				ENABLE_STRICT_OBJC_MSGSEND = YES;
				ENABLE_TESTABILITY = YES;
				GCC_C_LANGUAGE_STANDARD = gnu11;
				GCC_DYNAMIC_NO_PIC = NO;
				GCC_NO_COMMON_BLOCKS = YES;
				GCC_OPTIMIZATION_LEVEL = 0;
				GCC_PREPROCESSOR_DEFINITIONS = (
					"DEBUG=1",
					"$(inherited)",
				);
				GCC_WARN_64_TO_32_BIT_CONVERSION = YES;
				GCC_WARN_ABOUT_RETURN_TYPE = YES_ERROR;
				GCC_WARN_UNDECLARED_SELECTOR = YES;
				GCC_WARN_UNINITIALIZED_AUTOS = YES_AGGRESSIVE;
				GCC_WARN_UNUSED_FUNCTION = YES;
				GCC_WARN_UNUSED_VARIABLE = YES;
				IPHONEOS_DEPLOYMENT_TARGET = 13.6;
				MTL_ENABLE_DEBUG_INFO = INCLUDE_SOURCE;
				MTL_FAST_MATH = YES;
				ONLY_ACTIVE_ARCH = YES;
				SDKROOT = iphoneos;
				SWIFT_ACTIVE_COMPILATION_CONDITIONS = DEBUG;
				SWIFT_OPTIMIZATION_LEVEL = "-Onone";
			};
			name = Debug;
		};
		800E303925018F5600C2D116 /* Release */ = {
			isa = XCBuildConfiguration;
			buildSettings = {
				ALWAYS_SEARCH_USER_PATHS = NO;
				CLANG_ANALYZER_NONNULL = YES;
				CLANG_ANALYZER_NUMBER_OBJECT_CONVERSION = YES_AGGRESSIVE;
				CLANG_CXX_LANGUAGE_STANDARD = "gnu++14";
				CLANG_CXX_LIBRARY = "libc++";
				CLANG_ENABLE_MODULES = YES;
				CLANG_ENABLE_OBJC_ARC = YES;
				CLANG_ENABLE_OBJC_WEAK = YES;
				CLANG_WARN_BLOCK_CAPTURE_AUTORELEASING = YES;
				CLANG_WARN_BOOL_CONVERSION = YES;
				CLANG_WARN_COMMA = YES;
				CLANG_WARN_CONSTANT_CONVERSION = YES;
				CLANG_WARN_DEPRECATED_OBJC_IMPLEMENTATIONS = YES;
				CLANG_WARN_DIRECT_OBJC_ISA_USAGE = YES_ERROR;
				CLANG_WARN_DOCUMENTATION_COMMENTS = YES;
				CLANG_WARN_EMPTY_BODY = YES;
				CLANG_WARN_ENUM_CONVERSION = YES;
				CLANG_WARN_INFINITE_RECURSION = YES;
				CLANG_WARN_INT_CONVERSION = YES;
				CLANG_WARN_NON_LITERAL_NULL_CONVERSION = YES;
				CLANG_WARN_OBJC_IMPLICIT_RETAIN_SELF = YES;
				CLANG_WARN_OBJC_LITERAL_CONVERSION = YES;
				CLANG_WARN_OBJC_ROOT_CLASS = YES_ERROR;
				CLANG_WARN_RANGE_LOOP_ANALYSIS = YES;
				CLANG_WARN_STRICT_PROTOTYPES = YES;
				CLANG_WARN_SUSPICIOUS_MOVE = YES;
				CLANG_WARN_UNGUARDED_AVAILABILITY = YES_AGGRESSIVE;
				CLANG_WARN_UNREACHABLE_CODE = YES;
				CLANG_WARN__DUPLICATE_METHOD_MATCH = YES;
				COPY_PHASE_STRIP = NO;
				DEBUG_INFORMATION_FORMAT = "dwarf-with-dsym";
				ENABLE_NS_ASSERTIONS = NO;
				ENABLE_STRICT_OBJC_MSGSEND = YES;
				GCC_C_LANGUAGE_STANDARD = gnu11;
				GCC_NO_COMMON_BLOCKS = YES;
				GCC_WARN_64_TO_32_BIT_CONVERSION = YES;
				GCC_WARN_ABOUT_RETURN_TYPE = YES_ERROR;
				GCC_WARN_UNDECLARED_SELECTOR = YES;
				GCC_WARN_UNINITIALIZED_AUTOS = YES_AGGRESSIVE;
				GCC_WARN_UNUSED_FUNCTION = YES;
				GCC_WARN_UNUSED_VARIABLE = YES;
				IPHONEOS_DEPLOYMENT_TARGET = 13.6;
				MTL_ENABLE_DEBUG_INFO = NO;
				MTL_FAST_MATH = YES;
				SDKROOT = iphoneos;
				SWIFT_COMPILATION_MODE = wholemodule;
				SWIFT_OPTIMIZATION_LEVEL = "-O";
				VALIDATE_PRODUCT = YES;
			};
			name = Release;
		};
		800E303B25018F5600C2D116 /* Debug */ = {
			isa = XCBuildConfiguration;
			buildSettings = {
				ASSETCATALOG_COMPILER_APPICON_NAME = AppIcon;
				CODE_SIGN_STYLE = Automatic;
				INFOPLIST_FILE = "FoodButton-Anica-Guzman/Info.plist";
				LD_RUNPATH_SEARCH_PATHS = (
					"$(inherited)",
					"@executable_path/Frameworks",
				);
				PRODUCT_BUNDLE_IDENTIFIER = "edu.sfsu.FoodButton-Anica-Guzman";
				PRODUCT_NAME = "$(TARGET_NAME)";
				SWIFT_VERSION = 5.0;
				TARGETED_DEVICE_FAMILY = "1,2";
			};
			name = Debug;
		};
		800E303C25018F5600C2D116 /* Release */ = {
			isa = XCBuildConfiguration;
			buildSettings = {
				ASSETCATALOG_COMPILER_APPICON_NAME = AppIcon;
				CODE_SIGN_STYLE = Automatic;
				INFOPLIST_FILE = "FoodButton-Anica-Guzman/Info.plist";
				LD_RUNPATH_SEARCH_PATHS = (
					"$(inherited)",
					"@executable_path/Frameworks",
				);
				PRODUCT_BUNDLE_IDENTIFIER = "edu.sfsu.FoodButton-Anica-Guzman";
				PRODUCT_NAME = "$(TARGET_NAME)";
				SWIFT_VERSION = 5.0;
				TARGETED_DEVICE_FAMILY = "1,2";
			};
			name = Release;
		};
/* End XCBuildConfiguration section */

/* Begin XCConfigurationList section */
		800E302125018F5400C2D116 /* Build configuration list for PBXProject "FoodButton-Anica-Guzman" */ = {
			isa = XCConfigurationList;
			buildConfigurations = (
				800E303825018F5600C2D116 /* Debug */,
				800E303925018F5600C2D116 /* Release */,
			);
			defaultConfigurationIsVisible = 0;
			defaultConfigurationName = Release;
		};
		800E303A25018F5600C2D116 /* Build configuration list for PBXNativeTarget "FoodButton-Anica-Guzman" */ = {
			isa = XCConfigurationList;
			buildConfigurations = (
				800E303B25018F5600C2D116 /* Debug */,
				800E303C25018F5600C2D116 /* Release */,
			);
			defaultConfigurationIsVisible = 0;
			defaultConfigurationName = Release;
		};
/* End XCConfigurationList section */
	};
	rootObject = 800E301E25018F5400C2D116 /* Project object */;
}
